{
	"name": "ijo",
	"version": "0.0.1",
	"lockfileVersion": 1,
	"requires": true,
	"dependencies": {
		"@ijo-sm/helper-config": {
			"version": "0.0.3",
			"resolved": "https://registry.npmjs.org/@ijo-sm/helper-config/-/helper-config-0.0.3.tgz",
			"integrity": "sha512-Rzq3Y7uD47PSCPF8E5O3GNbxUbctjUxJmJwpC+pztAQ5mLpfER/dNHbp4qMuYc/4K4DpjJMFJdr2Yc2mkV1CBA=="
		},
		"@ijo-sm/helper-database": {
			"version": "0.0.2",
			"resolved": "https://registry.npmjs.org/@ijo-sm/helper-database/-/helper-database-0.0.2.tgz",
			"integrity": "sha512-bKoID1vjzh5fkbbIzEE52cUESE+I5lvFqOWbP5sp9caD16NcrLvRL5guq7AjeLkVpB6VWp3iwcZFEyBIS9KfsQ==",
			"requires": {
				"lowdb": "^1.0.0"
			}
		},
		"@ijo-sm/utils": {
			"version": "0.0.1",
			"resolved": "https://registry.npmjs.org/@ijo-sm/utils/-/utils-0.0.1.tgz",
			"integrity": "sha512-ZnXTa2dUKkyUcZXpQ+CG7XIP0UhM/LGSeHcQ3myMExPkI8p2Vifx3VZ3zsv1NUQxSiq0lJDfM8IQ0tgyXQ+Vnw=="
		},
		"@ijo-sm/utils-array": {
			"version": "0.0.1",
			"resolved": "https://registry.npmjs.org/@ijo-sm/utils-array/-/utils-array-0.0.1.tgz",
			"integrity": "sha512-Iy0GfKPqlrSAbv//1MCILaWqfGJnFphKUtyeK2VQIdDyTfvMxdl5Htl4L4PACCNivrfGksPFTkkhWPUNwjx/mA=="
		},
		"@ijo-sm/utils-crypto": {
			"version": "0.0.1",
			"resolved": "https://registry.npmjs.org/@ijo-sm/utils-crypto/-/utils-crypto-0.0.1.tgz",
			"integrity": "sha512-jVi6J3GCAMgmu0jjT5dyIiGC9Lj6BpoguH1nT233ziR325jP1MfMymXUUY5KJzjxhhGV91LuR6SBshwV5MegSQ=="
		},
		"@ijo-sm/utils-generate": {
			"version": "0.0.1",
			"resolved": "https://registry.npmjs.org/@ijo-sm/utils-generate/-/utils-generate-0.0.1.tgz",
			"integrity": "sha512-bJbOXbw3k2TdsPBmOad0Jy+c0H5/KpauNnMc9VxvQ8YsKMbUr8YKiS8+b1ghfZgYGXOD16GDyCDXsdScV+Pq1g==",
			"requires": {
				"shortid": "^2.2.13"
			}
		},
		"@ijo-sm/utils-path": {
			"version": "0.0.1",
			"resolved": "https://registry.npmjs.org/@ijo-sm/utils-path/-/utils-path-0.0.1.tgz",
			"integrity": "sha512-CMuuQ76v0z3oQ8prigryXMG0CGLZLvEJkZBBsrJ4LcTiOPMGu94KqeZumQQcsazWDq07+4wGKrZHPnd/BJ5M2A==",
			"requires": {
				"app-root-path": "^2.1.0"
			}
		},
		"@ijo-sm/utils-platform": {
			"version": "0.0.1",
			"resolved": "https://registry.npmjs.org/@ijo-sm/utils-platform/-/utils-platform-0.0.1.tgz",
			"integrity": "sha512-k3sWRaDeRlFEYRJpUnSOHMpglnjw64T+BfOFOW2Tr57l2AmfXEiRm3EsNnq1ubQfDJnM3LuPn7OvERyYE35Lgg=="
		},
		"@ijo-sm/utils-process": {
			"version": "0.0.1",
			"resolved": "https://registry.npmjs.org/@ijo-sm/utils-process/-/utils-process-0.0.1.tgz",
			"integrity": "sha512-Sa99hCQ8y7jS6p3bGqXBgXgF0MKsyDtenGUgBZo07sHsBKsMd+NFyk0DwX020FHpUvGcQDPNJ2z+Hlgl6+9gzQ=="
		},
		"app-root-path": {
			"version": "2.1.0",
			"resolved": "https://registry.npmjs.org/app-root-path/-/app-root-path-2.1.0.tgz",
			"integrity": "sha1-mL9lmTJ+zqGZMJhm6BQDaP0uZGo="
		},
		"ejs": {
			"version": "2.6.1",
			"resolved": "https://registry.npmjs.org/ejs/-/ejs-2.6.1.tgz",
			"integrity": "sha512-0xy4A/twfrRCnkhfk8ErDi5DqdAsAqeGxht4xkCUrsvhhbQNs7E+4jV0CN7+NKIY0aHE72+XvqtBIXzD31ZbXQ=="
		},
		"graceful-fs": {
			"version": "4.1.11",
			"resolved": "https://registry.npmjs.org/graceful-fs/-/graceful-fs-4.1.11.tgz",
			"integrity": "sha1-Dovf5NHduIVNZOBOp8AOKgJuVlg="
		},
		"is-promise": {
			"version": "2.1.0",
			"resolved": "https://registry.npmjs.org/is-promise/-/is-promise-2.1.0.tgz",
			"integrity": "sha1-eaKp7OfwlugPNtKy87wWwf9L8/o="
		},
		"lodash": {
			"version": "4.17.11",
			"resolved": "https://registry.npmjs.org/lodash/-/lodash-4.17.11.tgz",
			"integrity": "sha512-cQKh8igo5QUhZ7lg38DYWAxMvjSAKG0A8wGSVimP07SIUEK2UO+arSRKbRZWtelMtN5V0Hkwh5ryOto/SshYIg=="
		},
		"lowdb": {
			"version": "1.0.0",
			"resolved": "https://registry.npmjs.org/lowdb/-/lowdb-1.0.0.tgz",
			"integrity": "sha512-2+x8esE/Wb9SQ1F9IHaYWfsC9FIecLOPrK4g17FGEayjUWH172H6nwicRovGvSE2CPZouc2MCIqCI7h9d+GftQ==",
			"requires": {
				"graceful-fs": "^4.1.3",
				"is-promise": "^2.1.0",
				"lodash": "4",
				"pify": "^3.0.0",
				"steno": "^0.4.1"
			}
		},
		"nanoid": {
			"version": "1.2.3",
			"resolved": "https://registry.npmjs.org/nanoid/-/nanoid-1.2.3.tgz",
			"integrity": "sha512-BAnxAdaihzMoszwhqRy8FPOX+dijs7esUEUYTIQ1KsOSKmCVNYnitAMmBDFxYzA6VQYvuUKw7o2K1AcMBTGzIg=="
		},
		"pify": {
			"version": "3.0.0",
			"resolved": "https://registry.npmjs.org/pify/-/pify-3.0.0.tgz",
			"integrity": "sha1-5aSs0sEB/fPZpNB/DbxNtJ3SgXY="
		},
		"shortid": {
			"version": "2.2.13",
			"resolved": "https://registry.npmjs.org/shortid/-/shortid-2.2.13.tgz",
			"integrity": "sha512-dBuNnQGKrJNfjunmXI2X7bl1gnMO4PwbNxrTzO1JvilODmL7WyyCtA+DYxe9XunLXmxmgzFIvKPQ6XRAQrr46Q==",
			"requires": {
				"nanoid": "^1.0.7"
			}
		},
		"steno": {
			"version": "0.4.4",
			"resolved": "https://registry.npmjs.org/steno/-/steno-0.4.4.tgz",
			"integrity": "sha1-BxEFvfwobmYVwEA8J+nXtdy4Vcs=",
			"requires": {
				"graceful-fs": "^4.1.3"
			}
		}
	}
}
