{
  "name": "ijo",
  "version": "0.0.1",
  "lockfileVersion": 1,
  "requires": true,
  "dependencies": {
    "ijo-utils": {
      "version": "github:ijo-sm/ijo-utils#f0f82061941a5bdb252eee2f21254ee9dd41d7b1",
      "from": "github:ijo-sm/ijo-utils"
    },
    "nanoid": {
      "version": "3.1.20",
      "resolved": "https://registry.npmjs.org/nanoid/-/nanoid-3.1.20.tgz",
      "integrity": "sha512-a1cQNyczgKbLX9jwbS/+d7W8fX/RfgYR7lVWwWOGIPNgK2m0MWvrGF6/m4kk6U3QcFMnZf3RIhL0v2Jgh/0Uxw=="
    }
  }
}
